
Microsoft Visual Studio Solution File, Format Version 12.00
# Visual Studio 15
VisualStudioVersion = 15.0.28307.757
MinimumVisualStudioVersion = 10.0.40219.1
Project("{FAE04EC0-301F-11D3-BF4B-00C04F79EFBC}") = "Unit16Work", "Unit16Work\Unit16Work.csproj", "{5EAB205C-CCDB-45E1-B3DF-0C0C823202E5}"
EndProject
Global
	GlobalSection(SolutionConfigurationPlatforms) = preSolution
		Debug|Any CPU = Debug|Any CPU
		Release|Any CPU = Release|Any CPU
	EndGlobalSection
	GlobalSection(ProjectConfigurationPlatforms) = postSolution
		{5EAB205C-CCDB-45E1-B3DF-0C0C823202E5}.Debug|Any CPU.ActiveCfg = Debug|Any CPU
		{5EAB205C-CCDB-45E1-B3DF-0C0C823202E5}.Debug|Any CPU.Build.0 = Debug|Any CPU
		{5EAB205C-CCDB-45E1-B3DF-0C0C823202E5}.Release|Any CPU.ActiveCfg = Release|Any CPU
		{5EAB205C-CCDB-45E1-B3DF-0C0C823202E5}.Release|Any CPU.Build.0 = Release|Any CPU
	EndGlobalSection
	GlobalSection(SolutionProperties) = preSolution
		HideSolutionNode = FALSE
	EndGlobalSection
	GlobalSection(ExtensibilityGlobals) = postSolution
		SolutionGuid = {06F4CE8B-672D-430A-BC91-C1EA66257156}
	EndGlobalSection
EndGlobal
